{
  "name": "koa-server",
  "version": "1.0.0",
  "lockfileVersion": 1,
  "requires": true,
  "dependencies": {
    "@zeit/schemas": {
      "version": "2.6.0",
      "resolved": "https://pkgs.d.xiaomi.net:443/artifactory/api/npm/mi-npm/@zeit/schemas/-/schemas-2.6.0.tgz",
      "integrity": "sha1-AE6OVTtM1T1Ti9OOrHvL9YqGf+M=",
      "dev": true
    },
    "accepts": {
      "version": "1.3.7",
      "resolved": "https://registry.npmjs.org/accepts/-/accepts-1.3.7.tgz",
      "integrity": "sha512-Il80Qs2WjYlJIBNzNkK6KYqlVMTbZLXgHx2oT0pU/fjRHyEp+PEfEPY0R3WCwAGVOtauxh1hOxNgIf5bv7dQpA==",
      "requires": {
        "mime-types": "~2.1.24",
        "negotiator": "0.6.2"
      }
    },
    "ajv": {
      "version": "6.12.6",
      "resolved": "https://pkgs.d.xiaomi.net:443/artifactory/api/npm/mi-npm/ajv/-/ajv-6.12.6.tgz",
      "integrity": "sha1-uvWmLoArB9l3A0WG+MO69a3ybfQ=",
      "dev": true,
      "requires": {
        "fast-deep-equal": "^3.1.1",
        "fast-json-stable-stringify": "^2.0.0",
        "json-schema-traverse": "^0.4.1",
        "uri-js": "^4.2.2"
      }
    },
    "ansi-align": {
      "version": "3.0.1",
      "resolved": "https://pkgs.d.xiaomi.net:443/artifactory/api/npm/mi-npm/ansi-align/-/ansi-align-3.0.1.tgz",
      "integrity": "sha1-DN8S4RGs53OobpofrRIlxDyxmlk=",
      "dev": true,
      "requires": {
        "string-width": "^4.1.0"
      }
    },
    "ansi-regex": {
      "version": "5.0.1",
      "resolved": "https://pkgs.d.xiaomi.net:443/artifactory/api/npm/mi-npm/ansi-regex/-/ansi-regex-5.0.1.tgz",
      "integrity": "sha1-CCyyyJyf6GWaMRpTvWpNxTAdswQ=",
      "dev": true
    },
    "ansi-styles": {
      "version": "4.3.0",
      "resolved": "https://pkgs.d.xiaomi.net:443/artifactory/api/npm/mi-npm/ansi-styles/-/ansi-styles-4.3.0.tgz",
      "integrity": "sha1-7dgDYornHATIWuegkG7a00tkiTc=",
      "dev": true,
      "requires": {
        "color-convert": "^2.0.1"
      }
    },
    "any-promise": {
      "version": "1.3.0",
      "resolved": "https://registry.npmjs.org/any-promise/-/any-promise-1.3.0.tgz",
      "integrity": "sha1-q8av7tzqUugJzcA3au0845Y10X8="
    },
    "arch": {
      "version": "2.2.0",
      "resolved": "https://pkgs.d.xiaomi.net:443/artifactory/api/npm/mi-npm/arch/-/arch-2.2.0.tgz",
      "integrity": "sha1-G8R4GPMFdk8jqzMGsL/AhsWinRE=",
      "dev": true
    },
    "arg": {
      "version": "2.0.0",
      "resolved": "https://pkgs.d.xiaomi.net:443/artifactory/api/npm/mi-npm/arg/-/arg-2.0.0.tgz",
      "integrity": "sha1-wG5/9pqwWzpKA+vgQH+sTLpldUU=",
      "dev": true
    },
    "balanced-match": {
      "version": "1.0.2",
      "resolved": "https://pkgs.d.xiaomi.net:443/artifactory/api/npm/mi-npm/balanced-match/-/balanced-match-1.0.2.tgz",
      "integrity": "sha1-6D46fj8wCzTLnYf2FfoMvzV2kO4=",
      "dev": true
    },
    "boxen": {
      "version": "5.1.2",
      "resolved": "https://pkgs.d.xiaomi.net:443/artifactory/api/npm/mi-npm/boxen/-/boxen-5.1.2.tgz",
      "integrity": "sha1-eIy2hvyDwfSG36ikDGj8K4MdK1A=",
      "dev": true,
      "requires": {
        "ansi-align": "^3.0.0",
        "camelcase": "^6.2.0",
        "chalk": "^4.1.0",
        "cli-boxes": "^2.2.1",
        "string-width": "^4.2.2",
        "type-fest": "^0.20.2",
        "widest-line": "^3.1.0",
        "wrap-ansi": "^7.0.0"
      },
      "dependencies": {
        "chalk": {
          "version": "4.1.2",
          "resolved": "https://pkgs.d.xiaomi.net:443/artifactory/api/npm/mi-npm/chalk/-/chalk-4.1.2.tgz",
          "integrity": "sha1-qsTit3NKdAhnrrFr8CqtVWoeegE=",
          "dev": true,
          "requires": {
            "ansi-styles": "^4.1.0",
            "supports-color": "^7.1.0"
          }
        }
      }
    },
    "brace-expansion": {
      "version": "1.1.11",
      "resolved": "https://pkgs.d.xiaomi.net:443/artifactory/api/npm/mi-npm/brace-expansion/-/brace-expansion-1.1.11.tgz",
      "integrity": "sha1-PH/L9SnYcibz0vUrlm/1Jx60Qd0=",
      "dev": true,
      "requires": {
        "balanced-match": "^1.0.0",
        "concat-map": "0.0.1"
      }
    },
    "bytes": {
      "version": "3.0.0",
      "resolved": "https://pkgs.d.xiaomi.net:443/artifactory/api/npm/mi-npm/bytes/-/bytes-3.0.0.tgz",
      "integrity": "sha1-0ygVQE1olpn4Wk6k+odV3ROpYEg=",
      "dev": true
    },
    "cache-content-type": {
      "version": "1.0.1",
      "resolved": "https://registry.npmjs.org/cache-content-type/-/cache-content-type-1.0.1.tgz",
      "integrity": "sha512-IKufZ1o4Ut42YUrZSo8+qnMTrFuKkvyoLXUywKz9GJ5BrhOFGhLdkx9sG4KAnVvbY6kEcSFjLQul+DVmBm2bgA==",
      "requires": {
        "mime-types": "^2.1.18",
        "ylru": "^1.2.0"
      }
    },
    "camelcase": {
      "version": "6.3.0",
      "resolved": "https://pkgs.d.xiaomi.net:443/artifactory/api/npm/mi-npm/camelcase/-/camelcase-6.3.0.tgz",
      "integrity": "sha1-VoW5XrIJrJwMF3Rnd4ychN9Yupo=",
      "dev": true
    },
    "chalk": {
      "version": "2.4.1",
      "resolved": "https://pkgs.d.xiaomi.net:443/artifactory/api/npm/mi-npm/chalk/-/chalk-2.4.1.tgz",
      "integrity": "sha1-GMSasWoDe26wFSzIPjRxM4IVtm4=",
      "dev": true,
      "requires": {
        "ansi-styles": "^3.2.1",
        "escape-string-regexp": "^1.0.5",
        "supports-color": "^5.3.0"
      },
      "dependencies": {
        "ansi-styles": {
          "version": "3.2.1",
          "resolved": "https://pkgs.d.xiaomi.net:443/artifactory/api/npm/mi-npm/ansi-styles/-/ansi-styles-3.2.1.tgz",
          "integrity": "sha1-QfuyAkPlCxK+DwS43tvwdSDOhB0=",
          "dev": true,
          "requires": {
            "color-convert": "^1.9.0"
          }
        },
        "color-convert": {
          "version": "1.9.3",
          "resolved": "https://pkgs.d.xiaomi.net:443/artifactory/api/npm/mi-npm/color-convert/-/color-convert-1.9.3.tgz",
          "integrity": "sha1-u3GFBpDh8TZWfeYp0tVHHe2kweg=",
          "dev": true,
          "requires": {
            "color-name": "1.1.3"
          }
        },
        "color-name": {
          "version": "1.1.3",
          "resolved": "https://pkgs.d.xiaomi.net:443/artifactory/api/npm/mi-npm/color-name/-/color-name-1.1.3.tgz",
          "integrity": "sha1-p9BVi9icQveV3UIyj3QIMcpTvCU=",
          "dev": true
        },
        "has-flag": {
          "version": "3.0.0",
          "resolved": "https://pkgs.d.xiaomi.net:443/artifactory/api/npm/mi-npm/has-flag/-/has-flag-3.0.0.tgz",
          "integrity": "sha1-tdRU3CGZriJWmfNGfloH87lVuv0=",
          "dev": true
        },
        "supports-color": {
          "version": "5.5.0",
          "resolved": "https://pkgs.d.xiaomi.net:443/artifactory/api/npm/mi-npm/supports-color/-/supports-color-5.5.0.tgz",
          "integrity": "sha1-4uaaRKyHcveKHsCzW2id9lMO/I8=",
          "dev": true,
          "requires": {
            "has-flag": "^3.0.0"
          }
        }
      }
    },
    "cli-boxes": {
      "version": "2.2.1",
      "resolved": "https://pkgs.d.xiaomi.net:443/artifactory/api/npm/mi-npm/cli-boxes/-/cli-boxes-2.2.1.tgz",
      "integrity": "sha1-3dUDXSUJT84iDpyrQKRYQKRAMY8=",
      "dev": true
    },
    "clipboardy": {
      "version": "2.3.0",
      "resolved": "https://pkgs.d.xiaomi.net:443/artifactory/api/npm/mi-npm/clipboardy/-/clipboardy-2.3.0.tgz",
      "integrity": "sha1-PCkDZQxo5GqRs4iYW8J3QofbopA=",
      "dev": true,
      "requires": {
        "arch": "^2.1.1",
        "execa": "^1.0.0",
        "is-wsl": "^2.1.1"
      }
    },
    "co": {
      "version": "4.6.0",
      "resolved": "https://registry.npmjs.org/co/-/co-4.6.0.tgz",
      "integrity": "sha1-bqa989hTrlTMuOR7+gvz+QMfsYQ="
    },
    "color-convert": {
      "version": "2.0.1",
      "resolved": "https://pkgs.d.xiaomi.net:443/artifactory/api/npm/mi-npm/color-convert/-/color-convert-2.0.1.tgz",
      "integrity": "sha1-ctOmjVmMm9s68q0ehPIdiWq9TeM=",
      "dev": true,
      "requires": {
        "color-name": "~1.1.4"
      }
    },
    "color-name": {
      "version": "1.1.4",
      "resolved": "https://pkgs.d.xiaomi.net:443/artifactory/api/npm/mi-npm/color-name/-/color-name-1.1.4.tgz",
      "integrity": "sha1-wqCah6y95pVD3m9j+jmVyCbFNqI=",
      "dev": true
    },
    "compressible": {
      "version": "2.0.18",
      "resolved": "https://pkgs.d.xiaomi.net:443/artifactory/api/npm/mi-npm/compressible/-/compressible-2.0.18.tgz",
      "integrity": "sha1-r1PMprBw1MPAdQ+9dyhqbXzEb7o=",
      "dev": true,
      "requires": {
        "mime-db": ">= 1.43.0 < 2"
      },
      "dependencies": {
        "mime-db": {
          "version": "1.52.0",
          "resolved": "https://pkgs.d.xiaomi.net:443/artifactory/api/npm/mi-npm/mime-db/-/mime-db-1.52.0.tgz",
          "integrity": "sha1-u6vNwChZ9JhzAchW4zh85exDv3A=",
          "dev": true
        }
      }
    },
    "compression": {
      "version": "1.7.3",
      "resolved": "https://pkgs.d.xiaomi.net:443/artifactory/api/npm/mi-npm/compression/-/compression-1.7.3.tgz",
      "integrity": "sha1-J+DhdqryYPfywoE8PkQK258Zk9s=",
      "dev": true,
      "requires": {
        "accepts": "~1.3.5",
        "bytes": "3.0.0",
        "compressible": "~2.0.14",
        "debug": "2.6.9",
        "on-headers": "~1.0.1",
        "safe-buffer": "5.1.2",
        "vary": "~1.1.2"
      },
      "dependencies": {
        "debug": {
          "version": "2.6.9",
          "resolved": "https://pkgs.d.xiaomi.net:443/artifactory/api/npm/mi-npm/debug/-/debug-2.6.9.tgz",
          "integrity": "sha1-XRKFFd8TT/Mn6QpMk/Tgd6U2NB8=",
          "dev": true,
          "requires": {
            "ms": "2.0.0"
          }
        }
      }
    },
    "concat-map": {
      "version": "0.0.1",
      "resolved": "https://pkgs.d.xiaomi.net:443/artifactory/api/npm/mi-npm/concat-map/-/concat-map-0.0.1.tgz",
      "integrity": "sha1-2Klr13/Wjfd5OnMDajug1UBdR3s=",
      "dev": true
    },
    "content-disposition": {
      "version": "0.5.3",
      "resolved": "https://registry.npmjs.org/content-disposition/-/content-disposition-0.5.3.tgz",
      "integrity": "sha512-ExO0774ikEObIAEV9kDo50o+79VCUdEB6n6lzKgGwupcVeRlhrj3qGAfwq8G6uBJjkqLrhT0qEYFcWng8z1z0g==",
      "requires": {
        "safe-buffer": "5.1.2"
      }
    },
    "content-type": {
      "version": "1.0.4",
      "resolved": "https://registry.npmjs.org/content-type/-/content-type-1.0.4.tgz",
      "integrity": "sha512-hIP3EEPs8tB9AT1L+NUqtwOAps4mk2Zob89MWXMHjHWg9milF/j4osnnQLXBCBFBk/tvIG/tUc9mOUJiPBhPXA=="
    },
    "cookies": {
      "version": "0.7.3",
      "resolved": "https://registry.npmjs.org/cookies/-/cookies-0.7.3.tgz",
      "integrity": "sha512-+gixgxYSgQLTaTIilDHAdlNPZDENDQernEMiIcZpYYP14zgHsCt4Ce1FEjFtcp6GefhozebB6orvhAAWx/IS0A==",
      "requires": {
        "depd": "~1.1.2",
        "keygrip": "~1.0.3"
      }
    },
    "cross-spawn": {
      "version": "6.0.5",
      "resolved": "https://pkgs.d.xiaomi.net:443/artifactory/api/npm/mi-npm/cross-spawn/-/cross-spawn-6.0.5.tgz",
      "integrity": "sha1-Sl7Hxk364iw6FBJNus3uhG2Ay8Q=",
      "dev": true,
      "requires": {
        "nice-try": "^1.0.4",
        "path-key": "^2.0.1",
        "semver": "^5.5.0",
        "shebang-command": "^1.2.0",
        "which": "^1.2.9"
      }
    },
    "debug": {
      "version": "3.1.0",
      "resolved": "https://registry.npmjs.org/debug/-/debug-3.1.0.tgz",
      "integrity": "sha512-OX8XqP7/1a9cqkxYw2yXss15f26NKWBpDXQd0/uK/KPqdQhxbPa994hnzjcE2VqQpDslf55723cKPUOGSmMY3g==",
      "requires": {
        "ms": "2.0.0"
      }
    },
    "deep-equal": {
      "version": "1.0.1",
      "resolved": "https://registry.npmjs.org/deep-equal/-/deep-equal-1.0.1.tgz",
      "integrity": "sha1-9dJgKStmDghO/0zbyfCK0yR0SLU="
    },
    "deep-extend": {
      "version": "0.6.0",
      "resolved": "https://pkgs.d.xiaomi.net:443/artifactory/api/npm/mi-npm/deep-extend/-/deep-extend-0.6.0.tgz",
      "integrity": "sha1-xPp8lUBKF6nD6Mp+FTcxK3NjMKw=",
      "dev": true
    },
    "delegates": {
      "version": "1.0.0",
      "resolved": "https://registry.npmjs.org/delegates/-/delegates-1.0.0.tgz",
      "integrity": "sha1-hMbhWbgZBP3KWaDvRM2HDTElD5o="
    },
    "depd": {
      "version": "1.1.2",
      "resolved": "https://registry.npmjs.org/depd/-/depd-1.1.2.tgz",
      "integrity": "sha1-m81S4UwJd2PnSbJ0xDRu0uVgtak="
    },
    "destroy": {
      "version": "1.0.4",
      "resolved": "https://registry.npmjs.org/destroy/-/destroy-1.0.4.tgz",
      "integrity": "sha1-l4hXRCxEdJ5CBmE+N5RiBYJqvYA="
    },
    "ee-first": {
      "version": "1.1.1",
      "resolved": "https://registry.npmjs.org/ee-first/-/ee-first-1.1.1.tgz",
      "integrity": "sha1-WQxhFWsK4vTwJVcyoViyZrxWsh0="
    },
    "emoji-regex": {
      "version": "8.0.0",
      "resolved": "https://pkgs.d.xiaomi.net:443/artifactory/api/npm/mi-npm/emoji-regex/-/emoji-regex-8.0.0.tgz",
      "integrity": "sha1-6Bj9ac5cz8tARZT4QpY79TFkzDc=",
      "dev": true
    },
    "end-of-stream": {
      "version": "1.4.4",
      "resolved": "https://pkgs.d.xiaomi.net:443/artifactory/api/npm/mi-npm/end-of-stream/-/end-of-stream-1.4.4.tgz",
      "integrity": "sha1-WuZKX0UFe682JuwU2gyl5LJDHrA=",
      "dev": true,
      "requires": {
        "once": "^1.4.0"
      }
    },
    "error-inject": {
      "version": "1.0.0",
      "resolved": "https://registry.npmjs.org/error-inject/-/error-inject-1.0.0.tgz",
      "integrity": "sha1-4rPZG1Su1nLzCdlQ0VSFD6EdTzc="
    },
    "escape-html": {
      "version": "1.0.3",
      "resolved": "https://registry.npmjs.org/escape-html/-/escape-html-1.0.3.tgz",
      "integrity": "sha1-Aljq5NPQwJdN4cFpGI7wBR0dGYg="
    },
    "escape-string-regexp": {
      "version": "1.0.5",
      "resolved": "https://pkgs.d.xiaomi.net:443/artifactory/api/npm/mi-npm/escape-string-regexp/-/escape-string-regexp-1.0.5.tgz",
      "integrity": "sha1-G2HAViGQqN/2rjuyzwIAyhMLhtQ=",
      "dev": true
    },
    "execa": {
      "version": "1.0.0",
      "resolved": "https://pkgs.d.xiaomi.net:443/artifactory/api/npm/mi-npm/execa/-/execa-1.0.0.tgz",
      "integrity": "sha1-xiNqW7TfbW8V6I5/AXeYIWdJ3dg=",
      "dev": true,
      "requires": {
        "cross-spawn": "^6.0.0",
        "get-stream": "^4.0.0",
        "is-stream": "^1.1.0",
        "npm-run-path": "^2.0.0",
        "p-finally": "^1.0.0",
        "signal-exit": "^3.0.0",
        "strip-eof": "^1.0.0"
      }
    },
    "fast-deep-equal": {
      "version": "3.1.3",
      "resolved": "https://pkgs.d.xiaomi.net:443/artifactory/api/npm/mi-npm/fast-deep-equal/-/fast-deep-equal-3.1.3.tgz",
      "integrity": "sha1-On1WtVnWy8PrUSMlJE5hmmXGxSU=",
      "dev": true
    },
    "fast-json-stable-stringify": {
      "version": "2.1.0",
      "resolved": "https://pkgs.d.xiaomi.net:443/artifactory/api/npm/mi-npm/fast-json-stable-stringify/-/fast-json-stable-stringify-2.1.0.tgz",
      "integrity": "sha1-h0v2nG9ATCtdmcSBNBOZ/VWJJjM=",
      "dev": true
    },
    "fast-url-parser": {
      "version": "1.1.3",
      "resolved": "https://pkgs.d.xiaomi.net:443/artifactory/api/npm/mi-npm/fast-url-parser/-/fast-url-parser-1.1.3.tgz",
      "integrity": "sha1-9K8+qfNNiicc9YrSs3WfQx8LMY0=",
      "dev": true,
      "requires": {
        "punycode": "^1.3.2"
      },
      "dependencies": {
        "punycode": {
          "version": "1.4.1",
          "resolved": "https://pkgs.d.xiaomi.net:443/artifactory/api/npm/mi-npm/punycode/-/punycode-1.4.1.tgz",
          "integrity": "sha1-wNWmOycYgArY4esPpSachN1BhF4=",
          "dev": true
        }
      }
    },
    "fresh": {
      "version": "0.5.2",
      "resolved": "https://registry.npmjs.org/fresh/-/fresh-0.5.2.tgz",
      "integrity": "sha1-PYyt2Q2XZWn6g1qx+OSyOhBWBac="
    },
    "get-stream": {
      "version": "4.1.0",
      "resolved": "https://pkgs.d.xiaomi.net:443/artifactory/api/npm/mi-npm/get-stream/-/get-stream-4.1.0.tgz",
      "integrity": "sha1-wbJVV189wh1Zv8ec09K0axw6VLU=",
      "dev": true,
      "requires": {
        "pump": "^3.0.0"
      }
    },
    "has-flag": {
      "version": "4.0.0",
      "resolved": "https://pkgs.d.xiaomi.net:443/artifactory/api/npm/mi-npm/has-flag/-/has-flag-4.0.0.tgz",
      "integrity": "sha1-lEdx/ZyByBJlxNaUGGDaBrtZR5s=",
      "dev": true
    },
    "http-assert": {
      "version": "1.4.1",
      "resolved": "https://registry.npmjs.org/http-assert/-/http-assert-1.4.1.tgz",
      "integrity": "sha512-rdw7q6GTlibqVVbXr0CKelfV5iY8G2HqEUkhSk297BMbSpSL8crXC+9rjKoMcZZEsksX30le6f/4ul4E28gegw==",
      "requires": {
        "deep-equal": "~1.0.1",
        "http-errors": "~1.7.2"
      }
    },
    "http-errors": {
      "version": "1.7.3",
      "resolved": "https://registry.npmjs.org/http-errors/-/http-errors-1.7.3.tgz",
      "integrity": "sha512-ZTTX0MWrsQ2ZAhA1cejAwDLycFsd7I7nVtnkT3Ol0aqodaKW+0CTZDQ1uBv5whptCnc8e8HeRRJxRs0kmm/Qfw==",
      "requires": {
        "depd": "~1.1.2",
        "inherits": "2.0.4",
        "setprototypeof": "1.1.1",
        "statuses": ">= 1.5.0 < 2",
        "toidentifier": "1.0.0"
      }
    },
    "inherits": {
      "version": "2.0.4",
      "resolved": "https://registry.npmjs.org/inherits/-/inherits-2.0.4.tgz",
      "integrity": "sha512-k/vGaX4/Yla3WzyMCvTQOXYeIHvqOKtnqBduzTHpzpQZzAskKMhZ2K+EnBiSM9zGSoIFeMpXKxa4dYeZIQqewQ=="
    },
    "ini": {
      "version": "1.3.8",
      "resolved": "https://pkgs.d.xiaomi.net:443/artifactory/api/npm/mi-npm/ini/-/ini-1.3.8.tgz",
      "integrity": "sha1-op2kJbSIBvNHZ6Tvzjlyaa8oQyw=",
      "dev": true
    },
    "is-docker": {
      "version": "2.2.1",
      "resolved": "https://pkgs.d.xiaomi.net:443/artifactory/api/npm/mi-npm/is-docker/-/is-docker-2.2.1.tgz",
      "integrity": "sha1-M+6r4jz+hvFL3kQIoCwM+4U6zao=",
      "dev": true
    },
    "is-fullwidth-code-point": {
      "version": "3.0.0",
      "resolved": "https://pkgs.d.xiaomi.net:443/artifactory/api/npm/mi-npm/is-fullwidth-code-point/-/is-fullwidth-code-point-3.0.0.tgz",
      "integrity": "sha1-8Rb4Bk/pCz94RKOJl8C3UFEmnx0=",
      "dev": true
    },
    "is-generator-function": {
      "version": "1.0.7",
      "resolved": "https://registry.npmjs.org/is-generator-function/-/is-generator-function-1.0.7.tgz",
      "integrity": "sha512-YZc5EwyO4f2kWCax7oegfuSr9mFz1ZvieNYBEjmukLxgXfBUbxAWGVF7GZf0zidYtoBl3WvC07YK0wT76a+Rtw=="
    },
    "is-stream": {
      "version": "1.1.0",
      "resolved": "https://pkgs.d.xiaomi.net:443/artifactory/api/npm/mi-npm/is-stream/-/is-stream-1.1.0.tgz",
      "integrity": "sha1-EtSj3U5o4Lec6428hBc66A2RykQ=",
      "dev": true
    },
    "is-wsl": {
      "version": "2.2.0",
      "resolved": "https://pkgs.d.xiaomi.net:443/artifactory/api/npm/mi-npm/is-wsl/-/is-wsl-2.2.0.tgz",
      "integrity": "sha1-dKTHbnfKn9P5MvKQwX6jJs0VcnE=",
      "dev": true,
      "requires": {
        "is-docker": "^2.0.0"
      }
    },
    "isexe": {
      "version": "2.0.0",
      "resolved": "https://pkgs.d.xiaomi.net:443/artifactory/api/npm/mi-npm/isexe/-/isexe-2.0.0.tgz",
      "integrity": "sha1-6PvzdNxVb/iUehDcsFctYz8s+hA=",
      "dev": true
    },
    "json-schema-traverse": {
      "version": "0.4.1",
      "resolved": "https://pkgs.d.xiaomi.net:443/artifactory/api/npm/mi-npm/json-schema-traverse/-/json-schema-traverse-0.4.1.tgz",
      "integrity": "sha1-afaofZUTq4u4/mO9sJecRI5oRmA=",
      "dev": true
    },
    "keygrip": {
      "version": "1.0.3",
      "resolved": "https://registry.npmjs.org/keygrip/-/keygrip-1.0.3.tgz",
      "integrity": "sha512-/PpesirAIfaklxUzp4Yb7xBper9MwP6hNRA6BGGUFCgbJ+BM5CKBtsoxinNXkLHAr+GXS1/lSlF2rP7cv5Fl+g=="
    },
    "koa": {
      "version": "2.7.0",
      "resolved": "https://registry.npmjs.org/koa/-/koa-2.7.0.tgz",
      "integrity": "sha512-7ojD05s2Q+hFudF8tDLZ1CpCdVZw8JQELWSkcfG9bdtoTDzMmkRF6BQBU7JzIzCCOY3xd3tftiy/loHBUYaY2Q==",
      "requires": {
        "accepts": "^1.3.5",
        "cache-content-type": "^1.0.0",
        "content-disposition": "~0.5.2",
        "content-type": "^1.0.4",
        "cookies": "~0.7.1",
        "debug": "~3.1.0",
        "delegates": "^1.0.0",
        "depd": "^1.1.2",
        "destroy": "^1.0.4",
        "error-inject": "^1.0.0",
        "escape-html": "^1.0.3",
        "fresh": "~0.5.2",
        "http-assert": "^1.3.0",
        "http-errors": "^1.6.3",
        "is-generator-function": "^1.0.7",
        "koa-compose": "^4.1.0",
        "koa-convert": "^1.2.0",
        "koa-is-json": "^1.0.0",
        "on-finished": "^2.3.0",
        "only": "~0.0.2",
        "parseurl": "^1.3.2",
        "statuses": "^1.5.0",
        "type-is": "^1.6.16",
        "vary": "^1.1.2"
      }
    },
    "koa-compose": {
      "version": "4.1.0",
      "resolved": "https://registry.npmjs.org/koa-compose/-/koa-compose-4.1.0.tgz",
      "integrity": "sha512-8ODW8TrDuMYvXRwra/Kh7/rJo9BtOfPc6qO8eAfC80CnCvSjSl0bkRM24X6/XBBEyj0v1nRUQ1LyOy3dbqOWXw=="
    },
    "koa-convert": {
      "version": "1.2.0",
      "resolved": "https://registry.npmjs.org/koa-convert/-/koa-convert-1.2.0.tgz",
      "integrity": "sha1-2kCHXfSd4FOQmNFwC1CCDOvNIdA=",
      "requires": {
        "co": "^4.6.0",
        "koa-compose": "^3.0.0"
      },
      "dependencies": {
        "koa-compose": {
          "version": "3.2.1",
          "resolved": "https://registry.npmjs.org/koa-compose/-/koa-compose-3.2.1.tgz",
          "integrity": "sha1-qFzLQLfZhtjlo0Wzoazo6rz1Tec=",
          "requires": {
            "any-promise": "^1.1.0"
          }
        }
      }
    },
    "koa-is-json": {
      "version": "1.0.0",
      "resolved": "https://registry.npmjs.org/koa-is-json/-/koa-is-json-1.0.0.tgz",
      "integrity": "sha1-JzwH7c3Ljfaiwat9We52SRRR7BQ="
    },
    "koa-send": {
      "version": "5.0.0",
      "resolved": "https://registry.npmjs.org/koa-send/-/koa-send-5.0.0.tgz",
      "integrity": "sha512-90ZotV7t0p3uN9sRwW2D484rAaKIsD8tAVtypw/aBU+ryfV+fR2xrcAwhI8Wl6WRkojLUs/cB9SBSCuIb+IanQ==",
      "requires": {
        "debug": "^3.1.0",
        "http-errors": "^1.6.3",
        "mz": "^2.7.0",
        "resolve-path": "^1.4.0"
      }
    },
    "koa-static": {
      "version": "5.0.0",
      "resolved": "https://registry.npmjs.org/koa-static/-/koa-static-5.0.0.tgz",
      "integrity": "sha512-UqyYyH5YEXaJrf9S8E23GoJFQZXkBVJ9zYYMPGz919MSX1KuvAcycIuS0ci150HCoPf4XQVhQ84Qf8xRPWxFaQ==",
      "requires": {
        "debug": "^3.1.0",
        "koa-send": "^5.0.0"
      }
    },
    "media-typer": {
      "version": "0.3.0",
      "resolved": "https://registry.npmjs.org/media-typer/-/media-typer-0.3.0.tgz",
      "integrity": "sha1-hxDXrwqmJvj/+hzgAWhUUmMlV0g="
    },
    "mime-db": {
      "version": "1.40.0",
      "resolved": "https://registry.npmjs.org/mime-db/-/mime-db-1.40.0.tgz",
      "integrity": "sha512-jYdeOMPy9vnxEqFRRo6ZvTZ8d9oPb+k18PKoYNYUe2stVEBPPwsln/qWzdbmaIvnhZ9v2P+CuecK+fpUfsV2mA=="
    },
    "mime-types": {
      "version": "2.1.24",
      "resolved": "https://registry.npmjs.org/mime-types/-/mime-types-2.1.24.tgz",
      "integrity": "sha512-WaFHS3MCl5fapm3oLxU4eYDw77IQM2ACcxQ9RIxfaC3ooc6PFuBMGZZsYpvoXS5D5QTWPieo1jjLdAm3TBP3cQ==",
      "requires": {
        "mime-db": "1.40.0"
      }
    },
    "minimatch": {
      "version": "3.0.4",
      "resolved": "https://pkgs.d.xiaomi.net:443/artifactory/api/npm/mi-npm/minimatch/-/minimatch-3.0.4.tgz",
      "integrity": "sha1-UWbihkV/AzBgZL5Ul+jbsMPTIIM=",
      "dev": true,
      "requires": {
        "brace-expansion": "^1.1.7"
      }
    },
    "minimist": {
      "version": "1.2.5",
      "resolved": "https://pkgs.d.xiaomi.net:443/artifactory/api/npm/mi-npm/minimist/-/minimist-1.2.5.tgz",
      "integrity": "sha1-Z9ZgFLZqaoqqDAg8X9WN9OTpdgI=",
      "dev": true
    },
    "ms": {
      "version": "2.0.0",
      "resolved": "https://registry.npmjs.org/ms/-/ms-2.0.0.tgz",
      "integrity": "sha1-VgiurfwAvmwpAd9fmGF4jeDVl8g="
    },
    "mz": {
      "version": "2.7.0",
      "resolved": "https://registry.npmjs.org/mz/-/mz-2.7.0.tgz",
      "integrity": "sha512-z81GNO7nnYMEhrGh9LeymoE4+Yr0Wn5McHIZMK5cfQCl+NDX08sCZgUc9/6MHni9IWuFLm1Z3HTCXu2z9fN62Q==",
      "requires": {
        "any-promise": "^1.0.0",
        "object-assign": "^4.0.1",
        "thenify-all": "^1.0.0"
      }
    },
    "negotiator": {
      "version": "0.6.2",
      "resolved": "https://registry.npmjs.org/negotiator/-/negotiator-0.6.2.tgz",
      "integrity": "sha512-hZXc7K2e+PgeI1eDBe/10Ard4ekbfrrqG8Ep+8Jmf4JID2bNg7NvCPOZN+kfF574pFQI7mum2AUqDidoKqcTOw=="
    },
    "nice-try": {
      "version": "1.0.5",
      "resolved": "https://pkgs.d.xiaomi.net:443/artifactory/api/npm/mi-npm/nice-try/-/nice-try-1.0.5.tgz",
      "integrity": "sha1-ozeKdpbOfSI+iPybdkvX7xCJ42Y=",
      "dev": true
    },
    "npm-run-path": {
      "version": "2.0.2",
      "resolved": "https://pkgs.d.xiaomi.net:443/artifactory/api/npm/mi-npm/npm-run-path/-/npm-run-path-2.0.2.tgz",
      "integrity": "sha1-NakjLfo11wZ7TLLd8jV7GHFTbF8=",
      "dev": true,
      "requires": {
        "path-key": "^2.0.0"
      }
    },
    "object-assign": {
      "version": "4.1.1",
      "resolved": "https://registry.npmjs.org/object-assign/-/object-assign-4.1.1.tgz",
      "integrity": "sha1-IQmtx5ZYh8/AXLvUQsrIv7s2CGM="
    },
    "on-finished": {
      "version": "2.3.0",
      "resolved": "https://registry.npmjs.org/on-finished/-/on-finished-2.3.0.tgz",
      "integrity": "sha1-IPEzZIGwg811M3mSoWlxqi2QaUc=",
      "requires": {
        "ee-first": "1.1.1"
      }
    },
    "on-headers": {
      "version": "1.0.2",
      "resolved": "https://pkgs.d.xiaomi.net:443/artifactory/api/npm/mi-npm/on-headers/-/on-headers-1.0.2.tgz",
      "integrity": "sha1-dysK5qqlJcOZ5Imt+tkMQD6zwo8=",
      "dev": true
    },
    "once": {
      "version": "1.4.0",
      "resolved": "https://pkgs.d.xiaomi.net:443/artifactory/api/npm/mi-npm/once/-/once-1.4.0.tgz",
      "integrity": "sha1-WDsap3WWHUsROsF9nFC6753Xa9E=",
      "dev": true,
      "requires": {
        "wrappy": "1"
      }
    },
    "only": {
      "version": "0.0.2",
      "resolved": "https://registry.npmjs.org/only/-/only-0.0.2.tgz",
      "integrity": "sha1-Kv3oTQPlC5qO3EROMGEKcCle37Q="
    },
    "p-finally": {
      "version": "1.0.0",
      "resolved": "https://pkgs.d.xiaomi.net:443/artifactory/api/npm/mi-npm/p-finally/-/p-finally-1.0.0.tgz",
      "integrity": "sha1-P7z7FbiZpEEjs0ttzBi3JDNqLK4=",
      "dev": true
    },
    "parseurl": {
      "version": "1.3.3",
      "resolved": "https://registry.npmjs.org/parseurl/-/parseurl-1.3.3.tgz",
      "integrity": "sha512-CiyeOxFT/JZyN5m0z9PfXw4SCBJ6Sygz1Dpl0wqjlhDEGGBP1GnsUVEL0p63hoG1fcj3fHynXi9NYO4nWOL+qQ=="
    },
    "path-is-absolute": {
      "version": "1.0.1",
      "resolved": "https://registry.npmjs.org/path-is-absolute/-/path-is-absolute-1.0.1.tgz",
      "integrity": "sha1-F0uSaHNVNP+8es5r9TpanhtcX18="
    },
    "path-is-inside": {
      "version": "1.0.2",
      "resolved": "https://pkgs.d.xiaomi.net:443/artifactory/api/npm/mi-npm/path-is-inside/-/path-is-inside-1.0.2.tgz",
      "integrity": "sha1-NlQX3t5EQw0cEa9hAn+s8HS9/FM=",
      "dev": true
    },
    "path-key": {
      "version": "2.0.1",
      "resolved": "https://pkgs.d.xiaomi.net:443/artifactory/api/npm/mi-npm/path-key/-/path-key-2.0.1.tgz",
      "integrity": "sha1-QRyttXTFoUDTpLGRDUDYDMn0C0A=",
      "dev": true
    },
    "path-to-regexp": {
      "version": "2.2.1",
      "resolved": "https://pkgs.d.xiaomi.net:443/artifactory/api/npm/mi-npm/path-to-regexp/-/path-to-regexp-2.2.1.tgz",
      "integrity": "sha1-kLYXAloWOBqHm8gqONTovesrz0U=",
      "dev": true
    },
    "pump": {
      "version": "3.0.0",
      "resolved": "https://pkgs.d.xiaomi.net:443/artifactory/api/npm/mi-npm/pump/-/pump-3.0.0.tgz",
      "integrity": "sha1-tKIRaBW94vTh6mAjVOjHVWUQemQ=",
      "dev": true,
      "requires": {
        "end-of-stream": "^1.1.0",
        "once": "^1.3.1"
      }
    },
    "punycode": {
      "version": "2.1.1",
      "resolved": "https://pkgs.d.xiaomi.net:443/artifactory/api/npm/mi-npm/punycode/-/punycode-2.1.1.tgz",
      "integrity": "sha1-tYsBCsQMIsVldhbI0sLALHv0eew=",
      "dev": true
    },
    "range-parser": {
      "version": "1.2.0",
      "resolved": "https://pkgs.d.xiaomi.net:443/artifactory/api/npm/mi-npm/range-parser/-/range-parser-1.2.0.tgz",
      "integrity": "sha1-9JvmtIeJTdxA3MlKMi9hEJLgDV4=",
      "dev": true
    },
    "rc": {
      "version": "1.2.8",
      "resolved": "https://pkgs.d.xiaomi.net:443/artifactory/api/npm/mi-npm/rc/-/rc-1.2.8.tgz",
      "integrity": "sha1-zZJL9SAKB1uDwYjNa54hG3/A0+0=",
      "dev": true,
      "requires": {
        "deep-extend": "^0.6.0",
        "ini": "~1.3.0",
        "minimist": "^1.2.0",
        "strip-json-comments": "~2.0.1"
      }
    },
    "registry-auth-token": {
      "version": "3.3.2",
      "resolved": "https://pkgs.d.xiaomi.net:443/artifactory/api/npm/mi-npm/registry-auth-token/-/registry-auth-token-3.3.2.tgz",
      "integrity": "sha1-hR/UkDjuy1hpERFa+EUmDuyYPyA=",
      "dev": true,
      "requires": {
        "rc": "^1.1.6",
        "safe-buffer": "^5.0.1"
      }
    },
    "registry-url": {
      "version": "3.1.0",
      "resolved": "https://pkgs.d.xiaomi.net:443/artifactory/api/npm/mi-npm/registry-url/-/registry-url-3.1.0.tgz",
      "integrity": "sha1-PU74cPc93h138M+aOBQyRE4XSUI=",
      "dev": true,
      "requires": {
        "rc": "^1.0.1"
      }
    },
    "resolve-path": {
      "version": "1.4.0",
      "resolved": "https://registry.npmjs.org/resolve-path/-/resolve-path-1.4.0.tgz",
      "integrity": "sha1-xL2p9e+y/OZSR4c6s2u02DT+Fvc=",
      "requires": {
        "http-errors": "~1.6.2",
        "path-is-absolute": "1.0.1"
      },
      "dependencies": {
        "http-errors": {
          "version": "1.6.3",
          "resolved": "https://registry.npmjs.org/http-errors/-/http-errors-1.6.3.tgz",
          "integrity": "sha1-i1VoC7S+KDoLW/TqLjhYC+HZMg0=",
          "requires": {
            "depd": "~1.1.2",
            "inherits": "2.0.3",
            "setprototypeof": "1.1.0",
            "statuses": ">= 1.4.0 < 2"
          }
        },
        "inherits": {
          "version": "2.0.3",
          "resolved": "https://registry.npmjs.org/inherits/-/inherits-2.0.3.tgz",
          "integrity": "sha1-Yzwsg+PaQqUC9SRmAiSA9CCCYd4="
        },
        "setprototypeof": {
          "version": "1.1.0",
          "resolved": "https://registry.npmjs.org/setprototypeof/-/setprototypeof-1.1.0.tgz",
          "integrity": "sha512-BvE/TwpZX4FXExxOxZyRGQQv651MSwmWKZGqvmPcRIjDqWub67kTKuIMx43cZZrS/cBBzwBcNDWoFxt2XEFIpQ=="
        }
      }
    },
    "safe-buffer": {
      "version": "5.1.2",
      "resolved": "https://registry.npmjs.org/safe-buffer/-/safe-buffer-5.1.2.tgz",
      "integrity": "sha512-Gd2UZBJDkXlY7GbJxfsE8/nvKkUEU1G38c1siN6QP6a9PT9MmHB8GnpscSmMJSoF8LOIrt8ud/wPtojys4G6+g=="
    },
    "semver": {
      "version": "5.7.1",
      "resolved": "https://pkgs.d.xiaomi.net:443/artifactory/api/npm/mi-npm/semver/-/semver-5.7.1.tgz",
      "integrity": "sha1-qVT5Ma66UI0we78Gnv8MAclhFvc=",
      "dev": true
    },
    "serve": {
      "version": "13.0.2",
      "resolved": "https://pkgs.d.xiaomi.net:443/artifactory/api/npm/mi-npm/serve/-/serve-13.0.2.tgz",
      "integrity": "sha1-sZzLhU398whWE806QDPHgHrq+Fs=",
      "dev": true,
      "requires": {
        "@zeit/schemas": "2.6.0",
        "ajv": "6.12.6",
        "arg": "2.0.0",
        "boxen": "5.1.2",
        "chalk": "2.4.1",
        "clipboardy": "2.3.0",
        "compression": "1.7.3",
        "serve-handler": "6.1.3",
        "update-check": "1.5.2"
      }
    },
    "serve-handler": {
      "version": "6.1.3",
      "resolved": "https://pkgs.d.xiaomi.net:443/artifactory/api/npm/mi-npm/serve-handler/-/serve-handler-6.1.3.tgz",
      "integrity": "sha1-G/jFrhOHEq9Vx1hHdTO5EX9kNeg=",
      "dev": true,
      "requires": {
        "bytes": "3.0.0",
        "content-disposition": "0.5.2",
        "fast-url-parser": "1.1.3",
        "mime-types": "2.1.18",
        "minimatch": "3.0.4",
        "path-is-inside": "1.0.2",
        "path-to-regexp": "2.2.1",
        "range-parser": "1.2.0"
      },
      "dependencies": {
        "content-disposition": {
          "version": "0.5.2",
          "resolved": "https://pkgs.d.xiaomi.net:443/artifactory/api/npm/mi-npm/content-disposition/-/content-disposition-0.5.2.tgz",
          "integrity": "sha1-DPaLud318r55YcOoUXjLhdunjLQ=",
          "dev": true
        },
        "mime-db": {
          "version": "1.33.0",
          "resolved": "https://pkgs.d.xiaomi.net:443/artifactory/api/npm/mi-npm/mime-db/-/mime-db-1.33.0.tgz",
          "integrity": "sha1-o0kgUKXLm2NFBUHjnZeI0icng9s=",
          "dev": true
        },
        "mime-types": {
          "version": "2.1.18",
          "resolved": "https://pkgs.d.xiaomi.net:443/artifactory/api/npm/mi-npm/mime-types/-/mime-types-2.1.18.tgz",
          "integrity": "sha1-bzI/YKg9ERRvgx/xH9ZuL+VQO7g=",
          "dev": true,
          "requires": {
            "mime-db": "~1.33.0"
          }
        }
      }
    },
    "setprototypeof": {
      "version": "1.1.1",
      "resolved": "https://registry.npmjs.org/setprototypeof/-/setprototypeof-1.1.1.tgz",
      "integrity": "sha512-JvdAWfbXeIGaZ9cILp38HntZSFSo3mWg6xGcJJsd+d4aRMOqauag1C63dJfDw7OaMYwEbHMOxEZ1lqVRYP2OAw=="
    },
    "shebang-command": {
      "version": "1.2.0",
      "resolved": "https://pkgs.d.xiaomi.net:443/artifactory/api/npm/mi-npm/shebang-command/-/shebang-command-1.2.0.tgz",
      "integrity": "sha1-RKrGW2lbAzmJaMOfNj/uXer98eo=",
      "dev": true,
      "requires": {
        "shebang-regex": "^1.0.0"
      }
    },
    "shebang-regex": {
      "version": "1.0.0",
      "resolved": "https://pkgs.d.xiaomi.net:443/artifactory/api/npm/mi-npm/shebang-regex/-/shebang-regex-1.0.0.tgz",
      "integrity": "sha1-2kL0l0DAtC2yypcoVxyxkMmO/qM=",
      "dev": true
    },
    "signal-exit": {
      "version": "3.0.7",
      "resolved": "https://pkgs.d.xiaomi.net:443/artifactory/api/npm/mi-npm/signal-exit/-/signal-exit-3.0.7.tgz",
      "integrity": "sha1-qaF2f4r4QVURTqq9c/mSc8j1mtk=",
      "dev": true
    },
    "statuses": {
      "version": "1.5.0",
      "resolved": "https://registry.npmjs.org/statuses/-/statuses-1.5.0.tgz",
      "integrity": "sha1-Fhx9rBd2Wf2YEfQ3cfqZOBR4Yow="
    },
    "string-width": {
      "version": "4.2.3",
      "resolved": "https://pkgs.d.xiaomi.net:443/artifactory/api/npm/mi-npm/string-width/-/string-width-4.2.3.tgz",
      "integrity": "sha1-JpxxF9J7Ba0uU2gwqOyJXvnG0BA=",
      "dev": true,
      "requires": {
        "emoji-regex": "^8.0.0",
        "is-fullwidth-code-point": "^3.0.0",
        "strip-ansi": "^6.0.1"
      }
    },
    "strip-ansi": {
      "version": "6.0.1",
      "resolved": "https://pkgs.d.xiaomi.net:443/artifactory/api/npm/mi-npm/strip-ansi/-/strip-ansi-6.0.1.tgz",
      "integrity": "sha1-nibGPTD1NEPpSJSVshBdN7Z6hdk=",
      "dev": true,
      "requires": {
        "ansi-regex": "^5.0.1"
      }
    },
    "strip-eof": {
      "version": "1.0.0",
      "resolved": "https://pkgs.d.xiaomi.net:443/artifactory/api/npm/mi-npm/strip-eof/-/strip-eof-1.0.0.tgz",
      "integrity": "sha1-u0P/VZim6wXYm1n80SnJgzE2Br8=",
      "dev": true
    },
    "strip-json-comments": {
      "version": "2.0.1",
      "resolved": "https://pkgs.d.xiaomi.net:443/artifactory/api/npm/mi-npm/strip-json-comments/-/strip-json-comments-2.0.1.tgz",
      "integrity": "sha1-PFMZQukIwml8DsNEhYwobHygpgo=",
      "dev": true
    },
    "supports-color": {
      "version": "7.2.0",
      "resolved": "https://pkgs.d.xiaomi.net:443/artifactory/api/npm/mi-npm/supports-color/-/supports-color-7.2.0.tgz",
      "integrity": "sha1-G33NyzK4E4gBs+R4umpRyqiWSNo=",
      "dev": true,
      "requires": {
        "has-flag": "^4.0.0"
      }
    },
    "thenify": {
      "version": "3.3.0",
      "resolved": "https://registry.npmjs.org/thenify/-/thenify-3.3.0.tgz",
      "integrity": "sha1-5p44obq+lpsBCCB5eLn2K4hgSDk=",
      "requires": {
        "any-promise": "^1.0.0"
      }
    },
    "thenify-all": {
      "version": "1.6.0",
      "resolved": "https://registry.npmjs.org/thenify-all/-/thenify-all-1.6.0.tgz",
      "integrity": "sha1-GhkY1ALY/D+Y+/I02wvMjMEOlyY=",
      "requires": {
        "thenify": ">= 3.1.0 < 4"
      }
    },
    "toidentifier": {
      "version": "1.0.0",
      "resolved": "https://registry.npmjs.org/toidentifier/-/toidentifier-1.0.0.tgz",
      "integrity": "sha512-yaOH/Pk/VEhBWWTlhI+qXxDFXlejDGcQipMlyxda9nthulaxLZUNcUqFxokp0vcYnvteJln5FNQDRrxj3YcbVw=="
    },
    "type-fest": {
      "version": "0.20.2",
      "resolved": "https://pkgs.d.xiaomi.net:443/artifactory/api/npm/mi-npm/type-fest/-/type-fest-0.20.2.tgz",
      "integrity": "sha1-G/IH9LKPkVg2ZstfvTJ4hzAc1fQ=",
      "dev": true
    },
    "type-is": {
      "version": "1.6.18",
      "resolved": "https://registry.npmjs.org/type-is/-/type-is-1.6.18.tgz",
      "integrity": "sha512-TkRKr9sUTxEH8MdfuCSP7VizJyzRNMjj2J2do2Jr3Kym598JVdEksuzPQCnlFPW4ky9Q+iA+ma9BGm06XQBy8g==",
      "requires": {
        "media-typer": "0.3.0",
        "mime-types": "~2.1.24"
      }
    },
    "update-check": {
      "version": "1.5.2",
      "resolved": "https://pkgs.d.xiaomi.net:443/artifactory/api/npm/mi-npm/update-check/-/update-check-1.5.2.tgz",
      "integrity": "sha1-L+CfclxUNECz19q+iXHy1cqu3Cg=",
      "dev": true,
      "requires": {
        "registry-auth-token": "3.3.2",
        "registry-url": "3.1.0"
      }
    },
    "uri-js": {
      "version": "4.4.1",
      "resolved": "https://pkgs.d.xiaomi.net:443/artifactory/api/npm/mi-npm/uri-js/-/uri-js-4.4.1.tgz",
      "integrity": "sha1-mxpSWVIlhZ5V9mnZKPiMbFfyp34=",
      "dev": true,
      "requires": {
        "punycode": "^2.1.0"
      }
    },
    "vary": {
      "version": "1.1.2",
      "resolved": "https://registry.npmjs.org/vary/-/vary-1.1.2.tgz",
      "integrity": "sha1-IpnwLG3tMNSllhsLn3RSShj2NPw="
    },
    "which": {
      "version": "1.3.1",
      "resolved": "https://pkgs.d.xiaomi.net:443/artifactory/api/npm/mi-npm/which/-/which-1.3.1.tgz",
      "integrity": "sha1-pFBD1U9YBTFtqNYvn1CRjT2nCwo=",
      "dev": true,
      "requires": {
        "isexe": "^2.0.0"
      }
    },
    "widest-line": {
      "version": "3.1.0",
      "resolved": "https://pkgs.d.xiaomi.net:443/artifactory/api/npm/mi-npm/widest-line/-/widest-line-3.1.0.tgz",
      "integrity": "sha1-gpIzO79my0X/DeFgOxNreuFJbso=",
      "dev": true,
      "requires": {
        "string-width": "^4.0.0"
      }
    },
    "wrap-ansi": {
      "version": "7.0.0",
      "resolved": "https://pkgs.d.xiaomi.net:443/artifactory/api/npm/mi-npm/wrap-ansi/-/wrap-ansi-7.0.0.tgz",
      "integrity": "sha1-Z+FFz/UQpqaYS98RUpEdadLrnkM=",
      "dev": true,
      "requires": {
        "ansi-styles": "^4.0.0",
        "string-width": "^4.1.0",
        "strip-ansi": "^6.0.0"
      }
    },
    "wrappy": {
      "version": "1.0.2",
      "resolved": "https://pkgs.d.xiaomi.net:443/artifactory/api/npm/mi-npm/wrappy/-/wrappy-1.0.2.tgz",
      "integrity": "sha1-tSQ9jz7BqjXxNkYFvA0QNuMKtp8=",
      "dev": true
    },
    "ylru": {
      "version": "1.2.1",
      "resolved": "https://registry.npmjs.org/ylru/-/ylru-1.2.1.tgz",
      "integrity": "sha512-faQrqNMzcPCHGVC2aaOINk13K+aaBDUPjGWl0teOXywElLjyVAB6Oe2jj62jHYtwsU49jXhScYbvPENK+6zAvQ=="
    }
  }
}
